// !$*UTF8*$!
{
	archiveVersion = 1;
	classes = {
	};
	objectVersion = 50;
	objects = {

/* Begin PBXBuildFile section */
		5E11104A231E8B1300524580 /* NewestVideosPageViewController.swift in Sources */ = {isa = PBXBuildFile; fileRef = 5E111049231E8B1300524580 /* NewestVideosPageViewController.swift */; };
		5E11104D231E8D6700524580 /* NewestVideosDecodableDataModel.swift in Sources */ = {isa = PBXBuildFile; fileRef = 5E11104C231E8D6700524580 /* NewestVideosDecodableDataModel.swift */; };
		5E111050231E8EDD00524580 /* HomeTabNewestVideosPageJSON.json in Resources */ = {isa = PBXBuildFile; fileRef = 5E11104F231E8EDD00524580 /* HomeTabNewestVideosPageJSON.json */; };
		5E111052231E90D700524580 /* VideosTableViewCell.swift in Sources */ = {isa = PBXBuildFile; fileRef = 5E111051231E90D700524580 /* VideosTableViewCell.swift */; };
		5E111054231E948A00524580 /* NewestVideosHeaderTableViewCell.swift in Sources */ = {isa = PBXBuildFile; fileRef = 5E111053231E948A00524580 /* NewestVideosHeaderTableViewCell.swift */; };
		5E16E025231EA8100000D3D8 /* VideoPlayerViewController.swift in Sources */ = {isa = PBXBuildFile; fileRef = 5E16E024231EA8100000D3D8 /* VideoPlayerViewController.swift */; };
		5E207B7323100DE3001D5FDF /* AppDelegate.swift in Sources */ = {isa = PBXBuildFile; fileRef = 5E207B7223100DE3001D5FDF /* AppDelegate.swift */; };
		5E207B7523100DE3001D5FDF /* ViewController.swift in Sources */ = {isa = PBXBuildFile; fileRef = 5E207B7423100DE3001D5FDF /* ViewController.swift */; };
		5E207B7823100DE3001D5FDF /* Main.storyboard in Resources */ = {isa = PBXBuildFile; fileRef = 5E207B7623100DE3001D5FDF /* Main.storyboard */; };
		5E207B7B23100DE3001D5FDF /* EpicuriousClone.xcdatamodeld in Sources */ = {isa = PBXBuildFile; fileRef = 5E207B7923100DE3001D5FDF /* EpicuriousClone.xcdatamodeld */; };
		5E207B7D23100DE4001D5FDF /* Assets.xcassets in Resources */ = {isa = PBXBuildFile; fileRef = 5E207B7C23100DE4001D5FDF /* Assets.xcassets */; };
		5E207B8023100DE4001D5FDF /* LaunchScreen.storyboard in Resources */ = {isa = PBXBuildFile; fileRef = 5E207B7E23100DE4001D5FDF /* LaunchScreen.storyboard */; };
		5E207B8823100E51001D5FDF /* PersistentService.swift in Sources */ = {isa = PBXBuildFile; fileRef = 5E207B8723100E51001D5FDF /* PersistentService.swift */; };
		5E207B8D231013FD001D5FDF /* HomeTabPageViewController.swift in Sources */ = {isa = PBXBuildFile; fileRef = 5E207B8C231013FD001D5FDF /* HomeTabPageViewController.swift */; };
		5E207B9023101515001D5FDF /* Constants.swift in Sources */ = {isa = PBXBuildFile; fileRef = 5E207B8F23101515001D5FDF /* Constants.swift */; };
		5E207B93231016D6001D5FDF /* Strings.swift in Sources */ = {isa = PBXBuildFile; fileRef = 5E207B92231016D6001D5FDF /* Strings.swift */; };
		5E2BFFA723179440009FF188 /* NewestRecipiesPageViewController.swift in Sources */ = {isa = PBXBuildFile; fileRef = 5E2BFFA623179440009FF188 /* NewestRecipiesPageViewController.swift */; };
		5E2BFFA9231794EB009FF188 /* GetDataFromApi.swift in Sources */ = {isa = PBXBuildFile; fileRef = 5E2BFFA8231794EB009FF188 /* GetDataFromApi.swift */; };
		5E2BFFAB2317955A009FF188 /* NewestRecipiesCollectionViewCell.swift in Sources */ = {isa = PBXBuildFile; fileRef = 5E2BFFAA2317955A009FF188 /* NewestRecipiesCollectionViewCell.swift */; };
		5E2BFFAD2317ACEA009FF188 /* RecipeCollectionViewCell.swift in Sources */ = {isa = PBXBuildFile; fileRef = 5E2BFFAC2317ACEA009FF188 /* RecipeCollectionViewCell.swift */; };
		5E2BFFAF2317DCDD009FF188 /* NewestRecipiesDecodableDataModel.swift in Sources */ = {isa = PBXBuildFile; fileRef = 5E2BFFAE2317DCDD009FF188 /* NewestRecipiesDecodableDataModel.swift */; };
		5E2BFFB82317F0DF009FF188 /* HomeTabNewestRecipePageJSON.json in Resources */ = {isa = PBXBuildFile; fileRef = 5E2BFFB72317F0DF009FF188 /* HomeTabNewestRecipePageJSON.json */; };
		5E2BFFBB2317F524009FF188 /* NewestRecipieReviewDecodableDataModel.swift in Sources */ = {isa = PBXBuildFile; fileRef = 5E2BFFBA2317F524009FF188 /* NewestRecipieReviewDecodableDataModel.swift */; };
		5E6314052318E84C0045732E /* ImageView.swift in Sources */ = {isa = PBXBuildFile; fileRef = 5E6314042318E84C0045732E /* ImageView.swift */; };
		5E631408231917600045732E /* NewestRecipeDescriptionViewController.swift in Sources */ = {isa = PBXBuildFile; fileRef = 5E631407231917600045732E /* NewestRecipeDescriptionViewController.swift */; };
		5E63140A231919490045732E /* HeadingImageTableViewCell.swift in Sources */ = {isa = PBXBuildFile; fileRef = 5E631409231919490045732E /* HeadingImageTableViewCell.swift */; };
		5E856F6F231FE06B00A2DFC0 /* NotificationSetterViewController.swift in Sources */ = {isa = PBXBuildFile; fileRef = 5E856F6E231FE06B00A2DFC0 /* NotificationSetterViewController.swift */; };
		5E8B52A42313C1D400E87646 /* SelectIngredientsViewController.swift in Sources */ = {isa = PBXBuildFile; fileRef = 5E8B52A32313C1D400E87646 /* SelectIngredientsViewController.swift */; };
		5E8B52A82313E3B200E87646 /* SelectIngredientCell.swift in Sources */ = {isa = PBXBuildFile; fileRef = 5E8B52A72313E3B200E87646 /* SelectIngredientCell.swift */; };
		5E8B52AA2313EE8E00E87646 /* TabBar.swift in Sources */ = {isa = PBXBuildFile; fileRef = 5E8B52A92313EE8E00E87646 /* TabBar.swift */; };
		5E8B52AD2313FDA800E87646 /* RecipeDescriptionViewController.swift in Sources */ = {isa = PBXBuildFile; fileRef = 5E8B52AC2313FDA800E87646 /* RecipeDescriptionViewController.swift */; };
		5E8B52AF231400D700E87646 /* ThinknessReusableCellCollectionViewCell.swift in Sources */ = {isa = PBXBuildFile; fileRef = 5E8B52AE231400D700E87646 /* ThinknessReusableCellCollectionViewCell.swift */; };
		5E8B52B1231400FB00E87646 /* CookingDeepnessReusableCellCollectionViewCell.swift in Sources */ = {isa = PBXBuildFile; fileRef = 5E8B52B0231400FB00E87646 /* CookingDeepnessReusableCellCollectionViewCell.swift */; };
		5E8B52B323140ED900E87646 /* DescriptionDataModel.swift in Sources */ = {isa = PBXBuildFile; fileRef = 5E8B52B223140ED900E87646 /* DescriptionDataModel.swift */; };
		5E96AE82231502E700FE632D /* PreparationStepsViewController.swift in Sources */ = {isa = PBXBuildFile; fileRef = 5E96AE81231502E700FE632D /* PreparationStepsViewController.swift */; };
		5E96AE84231505C600FE632D /* PreparationStepsReusableCellTableViewCell.swift in Sources */ = {isa = PBXBuildFile; fileRef = 5E96AE83231505C600FE632D /* PreparationStepsReusableCellTableViewCell.swift */; };
		5E96AE882315308700FE632D /* CheckListViewController.swift in Sources */ = {isa = PBXBuildFile; fileRef = 5E96AE872315308700FE632D /* CheckListViewController.swift */; };
		5E96AE8A231549CF00FE632D /* CheckListReusableCellTableViewCell.swift in Sources */ = {isa = PBXBuildFile; fileRef = 5E96AE89231549CF00FE632D /* CheckListReusableCellTableViewCell.swift */; };
		5E96AE8D23154C5500FE632D /* ToDoCheckList+CoreDataClass.swift in Sources */ = {isa = PBXBuildFile; fileRef = 5E96AE8B23154C5500FE632D /* ToDoCheckList+CoreDataClass.swift */; };
		5E96AE8E23154C5500FE632D /* ToDoCheckList+CoreDataProperties.swift in Sources */ = {isa = PBXBuildFile; fileRef = 5E96AE8C23154C5500FE632D /* ToDoCheckList+CoreDataProperties.swift */; };
		5E96AE9123154F3800FE632D /* CoreDataFetch.swift in Sources */ = {isa = PBXBuildFile; fileRef = 5E96AE9023154F3800FE632D /* CoreDataFetch.swift */; };
		5EADEAEC2319256600112B62 /* RecipeReviewTableViewCell.swift in Sources */ = {isa = PBXBuildFile; fileRef = 5EADEAEB2319256600112B62 /* RecipeReviewTableViewCell.swift */; };
		5EC4E92A231E318E0024CCDD /* IngredientsListTableViewCell.swift in Sources */ = {isa = PBXBuildFile; fileRef = 5EC4E929231E318E0024CCDD /* IngredientsListTableViewCell.swift */; };
		5EC4E92D231E34530024CCDD /* IngredientInnerTableViewCell.swift in Sources */ = {isa = PBXBuildFile; fileRef = 5EC4E92C231E34530024CCDD /* IngredientInnerTableViewCell.swift */; };
		5EDB45902313A10500FA7BBB /* HomeTab.storyboard in Resources */ = {isa = PBXBuildFile; fileRef = 5EDB458F2313A10500FA7BBB /* HomeTab.storyboard */; };
		5EDB45922313A12800FA7BBB /* TimerTab.storyboard in Resources */ = {isa = PBXBuildFile; fileRef = 5EDB45912313A12800FA7BBB /* TimerTab.storyboard */; };
		5EDB45942313A14000FA7BBB /* SearchTab.storyboard in Resources */ = {isa = PBXBuildFile; fileRef = 5EDB45932313A14000FA7BBB /* SearchTab.storyboard */; };
		5EDB45962313A15400FA7BBB /* CheckListTab.storyboard in Resources */ = {isa = PBXBuildFile; fileRef = 5EDB45952313A15400FA7BBB /* CheckListTab.storyboard */; };
		5EDB459A2313A16C00FA7BBB /* FavouritesTab.storyboard in Resources */ = {isa = PBXBuildFile; fileRef = 5EDB45992313A16C00FA7BBB /* FavouritesTab.storyboard */; };
		5EDB459D2313A97100FA7BBB /* TimerTabCategoryTableViewCell.swift in Sources */ = {isa = PBXBuildFile; fileRef = 5EDB459C2313A97100FA7BBB /* TimerTabCategoryTableViewCell.swift */; };
		5EDB459F2313AC7700FA7BBB /* TimerTabViewController.swift in Sources */ = {isa = PBXBuildFile; fileRef = 5EDB459E2313AC7700FA7BBB /* TimerTabViewController.swift */; };
		5EDB45A12313B4D100FA7BBB /* CategoriesModel.swift in Sources */ = {isa = PBXBuildFile; fileRef = 5EDB45A02313B4D100FA7BBB /* CategoriesModel.swift */; };
		5EF6BBE323167B7500DACF3D /* CheckListReusableCellTableViewHeader.swift in Sources */ = {isa = PBXBuildFile; fileRef = 5EF6BBE223167B7500DACF3D /* CheckListReusableCellTableViewHeader.swift */; };
/* End PBXBuildFile section */

/* Begin PBXFileReference section */
		5E111049231E8B1300524580 /* NewestVideosPageViewController.swift */ = {isa = PBXFileReference; lastKnownFileType = sourcecode.swift; path = NewestVideosPageViewController.swift; sourceTree = "<group>"; };
		5E11104C231E8D6700524580 /* NewestVideosDecodableDataModel.swift */ = {isa = PBXFileReference; lastKnownFileType = sourcecode.swift; path = NewestVideosDecodableDataModel.swift; sourceTree = "<group>"; };
		5E11104F231E8EDD00524580 /* HomeTabNewestVideosPageJSON.json */ = {isa = PBXFileReference; lastKnownFileType = text.json; path = HomeTabNewestVideosPageJSON.json; sourceTree = "<group>"; };
		5E111051231E90D700524580 /* VideosTableViewCell.swift */ = {isa = PBXFileReference; lastKnownFileType = sourcecode.swift; path = VideosTableViewCell.swift; sourceTree = "<group>"; };
		5E111053231E948A00524580 /* NewestVideosHeaderTableViewCell.swift */ = {isa = PBXFileReference; lastKnownFileType = sourcecode.swift; path = NewestVideosHeaderTableViewCell.swift; sourceTree = "<group>"; };
		5E16E024231EA8100000D3D8 /* VideoPlayerViewController.swift */ = {isa = PBXFileReference; lastKnownFileType = sourcecode.swift; path = VideoPlayerViewController.swift; sourceTree = "<group>"; };
		5E207B6F23100DE3001D5FDF /* EpicuriousClone.app */ = {isa = PBXFileReference; explicitFileType = wrapper.application; includeInIndex = 0; path = EpicuriousClone.app; sourceTree = BUILT_PRODUCTS_DIR; };
		5E207B7223100DE3001D5FDF /* AppDelegate.swift */ = {isa = PBXFileReference; lastKnownFileType = sourcecode.swift; path = AppDelegate.swift; sourceTree = "<group>"; };
		5E207B7423100DE3001D5FDF /* ViewController.swift */ = {isa = PBXFileReference; lastKnownFileType = sourcecode.swift; path = ViewController.swift; sourceTree = "<group>"; };
		5E207B7723100DE3001D5FDF /* Base */ = {isa = PBXFileReference; lastKnownFileType = file.storyboard; name = Base; path = Base.lproj/Main.storyboard; sourceTree = "<group>"; };
		5E207B7A23100DE3001D5FDF /* EpicuriousClone.xcdatamodel */ = {isa = PBXFileReference; lastKnownFileType = wrapper.xcdatamodel; path = EpicuriousClone.xcdatamodel; sourceTree = "<group>"; };
		5E207B7C23100DE4001D5FDF /* Assets.xcassets */ = {isa = PBXFileReference; lastKnownFileType = folder.assetcatalog; path = Assets.xcassets; sourceTree = "<group>"; };
		5E207B7F23100DE4001D5FDF /* Base */ = {isa = PBXFileReference; lastKnownFileType = file.storyboard; name = Base; path = Base.lproj/LaunchScreen.storyboard; sourceTree = "<group>"; };
		5E207B8123100DE4001D5FDF /* Info.plist */ = {isa = PBXFileReference; lastKnownFileType = text.plist.xml; path = Info.plist; sourceTree = "<group>"; };
		5E207B8723100E51001D5FDF /* PersistentService.swift */ = {isa = PBXFileReference; lastKnownFileType = sourcecode.swift; path = PersistentService.swift; sourceTree = "<group>"; };
		5E207B8C231013FD001D5FDF /* HomeTabPageViewController.swift */ = {isa = PBXFileReference; lastKnownFileType = sourcecode.swift; path = HomeTabPageViewController.swift; sourceTree = "<group>"; };
		5E207B8F23101515001D5FDF /* Constants.swift */ = {isa = PBXFileReference; lastKnownFileType = sourcecode.swift; path = Constants.swift; sourceTree = "<group>"; };
		5E207B92231016D6001D5FDF /* Strings.swift */ = {isa = PBXFileReference; lastKnownFileType = sourcecode.swift; path = Strings.swift; sourceTree = "<group>"; };
		5E2BFFA623179440009FF188 /* NewestRecipiesPageViewController.swift */ = {isa = PBXFileReference; lastKnownFileType = sourcecode.swift; path = NewestRecipiesPageViewController.swift; sourceTree = "<group>"; };
		5E2BFFA8231794EB009FF188 /* GetDataFromApi.swift */ = {isa = PBXFileReference; lastKnownFileType = sourcecode.swift; path = GetDataFromApi.swift; sourceTree = "<group>"; };
		5E2BFFAA2317955A009FF188 /* NewestRecipiesCollectionViewCell.swift */ = {isa = PBXFileReference; lastKnownFileType = sourcecode.swift; path = NewestRecipiesCollectionViewCell.swift; sourceTree = "<group>"; };
		5E2BFFAC2317ACEA009FF188 /* RecipeCollectionViewCell.swift */ = {isa = PBXFileReference; lastKnownFileType = sourcecode.swift; path = RecipeCollectionViewCell.swift; sourceTree = "<group>"; };
		5E2BFFAE2317DCDD009FF188 /* NewestRecipiesDecodableDataModel.swift */ = {isa = PBXFileReference; lastKnownFileType = sourcecode.swift; path = NewestRecipiesDecodableDataModel.swift; sourceTree = "<group>"; };
		5E2BFFB72317F0DF009FF188 /* HomeTabNewestRecipePageJSON.json */ = {isa = PBXFileReference; lastKnownFileType = text.json; path = HomeTabNewestRecipePageJSON.json; sourceTree = "<group>"; };
		5E2BFFBA2317F524009FF188 /* NewestRecipieReviewDecodableDataModel.swift */ = {isa = PBXFileReference; lastKnownFileType = sourcecode.swift; path = NewestRecipieReviewDecodableDataModel.swift; sourceTree = "<group>"; };
		5E6314042318E84C0045732E /* ImageView.swift */ = {isa = PBXFileReference; lastKnownFileType = sourcecode.swift; path = ImageView.swift; sourceTree = "<group>"; };
		5E631407231917600045732E /* NewestRecipeDescriptionViewController.swift */ = {isa = PBXFileReference; lastKnownFileType = sourcecode.swift; path = NewestRecipeDescriptionViewController.swift; sourceTree = "<group>"; };
		5E631409231919490045732E /* HeadingImageTableViewCell.swift */ = {isa = PBXFileReference; lastKnownFileType = sourcecode.swift; path = HeadingImageTableViewCell.swift; sourceTree = "<group>"; };
		5E856F6E231FE06B00A2DFC0 /* NotificationSetterViewController.swift */ = {isa = PBXFileReference; lastKnownFileType = sourcecode.swift; name = NotificationSetterViewController.swift; path = PreparationSteps/NotificationSetterViewController.swift; sourceTree = "<group>"; };
		5E8B52A32313C1D400E87646 /* SelectIngredientsViewController.swift */ = {isa = PBXFileReference; lastKnownFileType = sourcecode.swift; path = SelectIngredientsViewController.swift; sourceTree = "<group>"; };
		5E8B52A72313E3B200E87646 /* SelectIngredientCell.swift */ = {isa = PBXFileReference; lastKnownFileType = sourcecode.swift; path = SelectIngredientCell.swift; sourceTree = "<group>"; };
		5E8B52A92313EE8E00E87646 /* TabBar.swift */ = {isa = PBXFileReference; lastKnownFileType = sourcecode.swift; path = TabBar.swift; sourceTree = "<group>"; };
		5E8B52AC2313FDA800E87646 /* RecipeDescriptionViewController.swift */ = {isa = PBXFileReference; lastKnownFileType = sourcecode.swift; path = RecipeDescriptionViewController.swift; sourceTree = "<group>"; };
		5E8B52AE231400D700E87646 /* ThinknessReusableCellCollectionViewCell.swift */ = {isa = PBXFileReference; lastKnownFileType = sourcecode.swift; path = ThinknessReusableCellCollectionViewCell.swift; sourceTree = "<group>"; };
		5E8B52B0231400FB00E87646 /* CookingDeepnessReusableCellCollectionViewCell.swift */ = {isa = PBXFileReference; lastKnownFileType = sourcecode.swift; path = CookingDeepnessReusableCellCollectionViewCell.swift; sourceTree = "<group>"; };
		5E8B52B223140ED900E87646 /* DescriptionDataModel.swift */ = {isa = PBXFileReference; lastKnownFileType = sourcecode.swift; path = DescriptionDataModel.swift; sourceTree = "<group>"; };
		5E96AE81231502E700FE632D /* PreparationStepsViewController.swift */ = {isa = PBXFileReference; lastKnownFileType = sourcecode.swift; path = PreparationStepsViewController.swift; sourceTree = "<group>"; };
		5E96AE83231505C600FE632D /* PreparationStepsReusableCellTableViewCell.swift */ = {isa = PBXFileReference; lastKnownFileType = sourcecode.swift; path = PreparationStepsReusableCellTableViewCell.swift; sourceTree = "<group>"; };
		5E96AE872315308700FE632D /* CheckListViewController.swift */ = {isa = PBXFileReference; lastKnownFileType = sourcecode.swift; path = CheckListViewController.swift; sourceTree = "<group>"; };
		5E96AE89231549CF00FE632D /* CheckListReusableCellTableViewCell.swift */ = {isa = PBXFileReference; lastKnownFileType = sourcecode.swift; path = CheckListReusableCellTableViewCell.swift; sourceTree = "<group>"; };
		5E96AE8B23154C5500FE632D /* ToDoCheckList+CoreDataClass.swift */ = {isa = PBXFileReference; lastKnownFileType = sourcecode.swift; path = "ToDoCheckList+CoreDataClass.swift"; sourceTree = "<group>"; };
		5E96AE8C23154C5500FE632D /* ToDoCheckList+CoreDataProperties.swift */ = {isa = PBXFileReference; lastKnownFileType = sourcecode.swift; path = "ToDoCheckList+CoreDataProperties.swift"; sourceTree = "<group>"; };
		5E96AE9023154F3800FE632D /* CoreDataFetch.swift */ = {isa = PBXFileReference; lastKnownFileType = sourcecode.swift; path = CoreDataFetch.swift; sourceTree = "<group>"; };
		5EADEAEB2319256600112B62 /* RecipeReviewTableViewCell.swift */ = {isa = PBXFileReference; lastKnownFileType = sourcecode.swift; path = RecipeReviewTableViewCell.swift; sourceTree = "<group>"; };
		5EC4E929231E318E0024CCDD /* IngredientsListTableViewCell.swift */ = {isa = PBXFileReference; lastKnownFileType = sourcecode.swift; path = IngredientsListTableViewCell.swift; sourceTree = "<group>"; };
		5EC4E92C231E34530024CCDD /* IngredientInnerTableViewCell.swift */ = {isa = PBXFileReference; lastKnownFileType = sourcecode.swift; path = IngredientInnerTableViewCell.swift; sourceTree = "<group>"; };
		5EDB458F2313A10500FA7BBB /* HomeTab.storyboard */ = {isa = PBXFileReference; lastKnownFileType = file.storyboard; path = HomeTab.storyboard; sourceTree = "<group>"; };
		5EDB45912313A12800FA7BBB /* TimerTab.storyboard */ = {isa = PBXFileReference; lastKnownFileType = file.storyboard; path = TimerTab.storyboard; sourceTree = "<group>"; };
		5EDB45932313A14000FA7BBB /* SearchTab.storyboard */ = {isa = PBXFileReference; lastKnownFileType = file.storyboard; path = SearchTab.storyboard; sourceTree = "<group>"; };
		5EDB45952313A15400FA7BBB /* CheckListTab.storyboard */ = {isa = PBXFileReference; lastKnownFileType = file.storyboard; path = CheckListTab.storyboard; sourceTree = "<group>"; };
		5EDB45992313A16C00FA7BBB /* FavouritesTab.storyboard */ = {isa = PBXFileReference; lastKnownFileType = file.storyboard; path = FavouritesTab.storyboard; sourceTree = "<group>"; };
		5EDB459C2313A97100FA7BBB /* TimerTabCategoryTableViewCell.swift */ = {isa = PBXFileReference; lastKnownFileType = sourcecode.swift; path = TimerTabCategoryTableViewCell.swift; sourceTree = "<group>"; };
		5EDB459E2313AC7700FA7BBB /* TimerTabViewController.swift */ = {isa = PBXFileReference; lastKnownFileType = sourcecode.swift; path = TimerTabViewController.swift; sourceTree = "<group>"; };
		5EDB45A02313B4D100FA7BBB /* CategoriesModel.swift */ = {isa = PBXFileReference; lastKnownFileType = sourcecode.swift; path = CategoriesModel.swift; sourceTree = "<group>"; };
		5EF6BBE223167B7500DACF3D /* CheckListReusableCellTableViewHeader.swift */ = {isa = PBXFileReference; lastKnownFileType = sourcecode.swift; path = CheckListReusableCellTableViewHeader.swift; sourceTree = "<group>"; };
/* End PBXFileReference section */

/* Begin PBXFrameworksBuildPhase section */
		5E207B6C23100DE3001D5FDF /* Frameworks */ = {
			isa = PBXFrameworksBuildPhase;
			buildActionMask = 2147483647;
			files = (
			);
			runOnlyForDeploymentPostprocessing = 0;
		};
/* End PBXFrameworksBuildPhase section */

/* Begin PBXGroup section */
		5E111048231E8AC700524580 /* NewestVideosPage */ = {
			isa = PBXGroup;
			children = (
				5E111049231E8B1300524580 /* NewestVideosPageViewController.swift */,
				5E11104C231E8D6700524580 /* NewestVideosDecodableDataModel.swift */,
				5E111051231E90D700524580 /* VideosTableViewCell.swift */,
				5E111053231E948A00524580 /* NewestVideosHeaderTableViewCell.swift */,
				5E16E024231EA8100000D3D8 /* VideoPlayerViewController.swift */,
			);
			path = NewestVideosPage;
			sourceTree = "<group>";
		};
		5E11104E231E8EBC00524580 /* JsonData */ = {
			isa = PBXGroup;
			children = (
				5E2BFFB72317F0DF009FF188 /* HomeTabNewestRecipePageJSON.json */,
				5E11104F231E8EDD00524580 /* HomeTabNewestVideosPageJSON.json */,
			);
			path = JsonData;
			sourceTree = "<group>";
		};
		5E207B6623100DE3001D5FDF = {
			isa = PBXGroup;
			children = (
				5E2BFFA8231794EB009FF188 /* GetDataFromApi.swift */,
				5E96AE9023154F3800FE632D /* CoreDataFetch.swift */,
				5E96AE8B23154C5500FE632D /* ToDoCheckList+CoreDataClass.swift */,
				5E96AE8C23154C5500FE632D /* ToDoCheckList+CoreDataProperties.swift */,
				5E207B91231016C2001D5FDF /* Extensions */,
				5E207B8E23101501001D5FDF /* Constants */,
				5E207B7123100DE3001D5FDF /* EpicuriousClone */,
				5E207B7023100DE3001D5FDF /* Products */,
				5E11104E231E8EBC00524580 /* JsonData */,
			);
			sourceTree = "<group>";
		};
		5E207B7023100DE3001D5FDF /* Products */ = {
			isa = PBXGroup;
			children = (
				5E207B6F23100DE3001D5FDF /* EpicuriousClone.app */,
			);
			name = Products;
			sourceTree = "<group>";
		};
		5E207B7123100DE3001D5FDF /* EpicuriousClone */ = {
			isa = PBXGroup;
			children = (
				5E96AE852315304D00FE632D /* TabViewControllers */,
				5EDB458E2313A0A600FA7BBB /* Storyboards */,
				5E207B7223100DE3001D5FDF /* AppDelegate.swift */,
				5E207B7423100DE3001D5FDF /* ViewController.swift */,
				5E207B7C23100DE4001D5FDF /* Assets.xcassets */,
				5E207B7E23100DE4001D5FDF /* LaunchScreen.storyboard */,
				5E207B8123100DE4001D5FDF /* Info.plist */,
				5E207B7923100DE3001D5FDF /* EpicuriousClone.xcdatamodeld */,
				5E207B8723100E51001D5FDF /* PersistentService.swift */,
			);
			path = EpicuriousClone;
			sourceTree = "<group>";
		};
		5E207B8923101380001D5FDF /* HomeTab */ = {
			isa = PBXGroup;
			children = (
				5E111048231E8AC700524580 /* NewestVideosPage */,
				5E2BFFA52317940B009FF188 /* NewestRecipiesPage */,
				5E207B8C231013FD001D5FDF /* HomeTabPageViewController.swift */,
			);
			path = HomeTab;
			sourceTree = "<group>";
		};
		5E207B8E23101501001D5FDF /* Constants */ = {
			isa = PBXGroup;
			children = (
				5E207B8F23101515001D5FDF /* Constants.swift */,
			);
			path = Constants;
			sourceTree = "<group>";
		};
		5E207B91231016C2001D5FDF /* Extensions */ = {
			isa = PBXGroup;
			children = (
				5E207B92231016D6001D5FDF /* Strings.swift */,
				5E8B52A92313EE8E00E87646 /* TabBar.swift */,
				5E6314042318E84C0045732E /* ImageView.swift */,
			);
			path = Extensions;
			sourceTree = "<group>";
		};
		5E2BFFA52317940B009FF188 /* NewestRecipiesPage */ = {
			isa = PBXGroup;
			children = (
				5E6314062319173A0045732E /* RecipesDescriptionPage */,
				5E2BFFB92317F3EB009FF188 /* DataModels */,
				5E2BFFA623179440009FF188 /* NewestRecipiesPageViewController.swift */,
				5E2BFFAA2317955A009FF188 /* NewestRecipiesCollectionViewCell.swift */,
				5E2BFFAC2317ACEA009FF188 /* RecipeCollectionViewCell.swift */,
			);
			path = NewestRecipiesPage;
			sourceTree = "<group>";
		};
		5E2BFFB92317F3EB009FF188 /* DataModels */ = {
			isa = PBXGroup;
			children = (
				5E2BFFAE2317DCDD009FF188 /* NewestRecipiesDecodableDataModel.swift */,
				5E2BFFBA2317F524009FF188 /* NewestRecipieReviewDecodableDataModel.swift */,
			);
			path = DataModels;
			sourceTree = "<group>";
		};
		5E6314062319173A0045732E /* RecipesDescriptionPage */ = {
			isa = PBXGroup;
			children = (
				5E631407231917600045732E /* NewestRecipeDescriptionViewController.swift */,
				5E631409231919490045732E /* HeadingImageTableViewCell.swift */,
				5EADEAEB2319256600112B62 /* RecipeReviewTableViewCell.swift */,
				5EC4E929231E318E0024CCDD /* IngredientsListTableViewCell.swift */,
				5EC4E92C231E34530024CCDD /* IngredientInnerTableViewCell.swift */,
			);
			path = RecipesDescriptionPage;
			sourceTree = "<group>";
		};
		5E8B52A22313C16D00E87646 /* SelectIngredients */ = {
			isa = PBXGroup;
			children = (
				5E8B52AB2313FD8500E87646 /* Description */,
				5E8B52A32313C1D400E87646 /* SelectIngredientsViewController.swift */,
				5E8B52A72313E3B200E87646 /* SelectIngredientCell.swift */,
			);
			path = SelectIngredients;
			sourceTree = "<group>";
		};
		5E8B52AB2313FD8500E87646 /* Description */ = {
			isa = PBXGroup;
			children = (
				5E856F6E231FE06B00A2DFC0 /* NotificationSetterViewController.swift */,
				5E96AE80231502BF00FE632D /* PreparationSteps */,
				5E8B52AC2313FDA800E87646 /* RecipeDescriptionViewController.swift */,
				5E8B52AE231400D700E87646 /* ThinknessReusableCellCollectionViewCell.swift */,
				5E8B52B0231400FB00E87646 /* CookingDeepnessReusableCellCollectionViewCell.swift */,
				5E8B52B223140ED900E87646 /* DescriptionDataModel.swift */,
			);
			path = Description;
			sourceTree = "<group>";
		};
		5E96AE80231502BF00FE632D /* PreparationSteps */ = {
			isa = PBXGroup;
			children = (
				5E96AE81231502E700FE632D /* PreparationStepsViewController.swift */,
				5E96AE83231505C600FE632D /* PreparationStepsReusableCellTableViewCell.swift */,
			);
			path = PreparationSteps;
			sourceTree = "<group>";
		};
		5E96AE852315304D00FE632D /* TabViewControllers */ = {
			isa = PBXGroup;
			children = (
				5E207B8923101380001D5FDF /* HomeTab */,
				5E96AE862315306600FE632D /* CheckListTab */,
				5EDB459B2313A93000FA7BBB /* TimerTab */,
			);
			path = TabViewControllers;
			sourceTree = "<group>";
		};
		5E96AE862315306600FE632D /* CheckListTab */ = {
			isa = PBXGroup;
			children = (
				5E96AE872315308700FE632D /* CheckListViewController.swift */,
				5E96AE89231549CF00FE632D /* CheckListReusableCellTableViewCell.swift */,
				5EF6BBE223167B7500DACF3D /* CheckListReusableCellTableViewHeader.swift */,
			);
			path = CheckListTab;
			sourceTree = "<group>";
		};
		5EDB458E2313A0A600FA7BBB /* Storyboards */ = {
			isa = PBXGroup;
			children = (
				5E207B7623100DE3001D5FDF /* Main.storyboard */,
				5EDB458F2313A10500FA7BBB /* HomeTab.storyboard */,
				5EDB45912313A12800FA7BBB /* TimerTab.storyboard */,
				5EDB45932313A14000FA7BBB /* SearchTab.storyboard */,
				5EDB45952313A15400FA7BBB /* CheckListTab.storyboard */,
				5EDB45992313A16C00FA7BBB /* FavouritesTab.storyboard */,
			);
			path = Storyboards;
			sourceTree = "<group>";
		};
		5EDB459B2313A93000FA7BBB /* TimerTab */ = {
			isa = PBXGroup;
			children = (
				5E8B52A22313C16D00E87646 /* SelectIngredients */,
				5EDB459E2313AC7700FA7BBB /* TimerTabViewController.swift */,
				5EDB459C2313A97100FA7BBB /* TimerTabCategoryTableViewCell.swift */,
				5EDB45A02313B4D100FA7BBB /* CategoriesModel.swift */,
			);
			path = TimerTab;
			sourceTree = "<group>";
		};
/* End PBXGroup section */

/* Begin PBXNativeTarget section */
		5E207B6E23100DE3001D5FDF /* EpicuriousClone */ = {
			isa = PBXNativeTarget;
			buildConfigurationList = 5E207B8423100DE4001D5FDF /* Build configuration list for PBXNativeTarget "EpicuriousClone" */;
			buildPhases = (
				5E207B6B23100DE3001D5FDF /* Sources */,
				5E207B6C23100DE3001D5FDF /* Frameworks */,
				5E207B6D23100DE3001D5FDF /* Resources */,
			);
			buildRules = (
			);
			dependencies = (
			);
			name = EpicuriousClone;
			productName = EpicuriousClone;
			productReference = 5E207B6F23100DE3001D5FDF /* EpicuriousClone.app */;
			productType = "com.apple.product-type.application";
		};
/* End PBXNativeTarget section */

/* Begin PBXProject section */
		5E207B6723100DE3001D5FDF /* Project object */ = {
			isa = PBXProject;
			attributes = {
				LastSwiftUpdateCheck = 1030;
				LastUpgradeCheck = 1030;
				ORGANIZATIONNAME = Tringapps;
				TargetAttributes = {
					5E207B6E23100DE3001D5FDF = {
						CreatedOnToolsVersion = 10.3;
					};
				};
			};
			buildConfigurationList = 5E207B6A23100DE3001D5FDF /* Build configuration list for PBXProject "EpicuriousClone" */;
			compatibilityVersion = "Xcode 9.3";
			developmentRegion = en;
			hasScannedForEncodings = 0;
			knownRegions = (
				en,
				Base,
			);
			mainGroup = 5E207B6623100DE3001D5FDF;
			productRefGroup = 5E207B7023100DE3001D5FDF /* Products */;
			projectDirPath = "";
			projectRoot = "";
			targets = (
				5E207B6E23100DE3001D5FDF /* EpicuriousClone */,
			);
		};
/* End PBXProject section */

/* Begin PBXResourcesBuildPhase section */
		5E207B6D23100DE3001D5FDF /* Resources */ = {
			isa = PBXResourcesBuildPhase;
			buildActionMask = 2147483647;
			files = (
				5E2BFFB82317F0DF009FF188 /* HomeTabNewestRecipePageJSON.json in Resources */,
				5EDB45962313A15400FA7BBB /* CheckListTab.storyboard in Resources */,
				5EDB45922313A12800FA7BBB /* TimerTab.storyboard in Resources */,
				5E207B8023100DE4001D5FDF /* LaunchScreen.storyboard in Resources */,
				5E207B7D23100DE4001D5FDF /* Assets.xcassets in Resources */,
				5EDB459A2313A16C00FA7BBB /* FavouritesTab.storyboard in Resources */,
				5E111050231E8EDD00524580 /* HomeTabNewestVideosPageJSON.json in Resources */,
				5E207B7823100DE3001D5FDF /* Main.storyboard in Resources */,
				5EDB45942313A14000FA7BBB /* SearchTab.storyboard in Resources */,
				5EDB45902313A10500FA7BBB /* HomeTab.storyboard in Resources */,
			);
			runOnlyForDeploymentPostprocessing = 0;
		};
/* End PBXResourcesBuildPhase section */

/* Begin PBXSourcesBuildPhase section */
		5E207B6B23100DE3001D5FDF /* Sources */ = {
			isa = PBXSourcesBuildPhase;
			buildActionMask = 2147483647;
			files = (
				5E96AE82231502E700FE632D /* PreparationStepsViewController.swift in Sources */,
				5E2BFFAF2317DCDD009FF188 /* NewestRecipiesDecodableDataModel.swift in Sources */,
				5E8B52A42313C1D400E87646 /* SelectIngredientsViewController.swift in Sources */,
				5E111054231E948A00524580 /* NewestVideosHeaderTableViewCell.swift in Sources */,
				5E207B8823100E51001D5FDF /* PersistentService.swift in Sources */,
				5E8B52A82313E3B200E87646 /* SelectIngredientCell.swift in Sources */,
				5E207B7B23100DE3001D5FDF /* EpicuriousClone.xcdatamodeld in Sources */,
				5E2BFFBB2317F524009FF188 /* NewestRecipieReviewDecodableDataModel.swift in Sources */,
				5E207B8D231013FD001D5FDF /* HomeTabPageViewController.swift in Sources */,
				5E6314052318E84C0045732E /* ImageView.swift in Sources */,
				5E207B7523100DE3001D5FDF /* ViewController.swift in Sources */,
				5E2BFFA9231794EB009FF188 /* GetDataFromApi.swift in Sources */,
				5EDB459F2313AC7700FA7BBB /* TimerTabViewController.swift in Sources */,
				5EADEAEC2319256600112B62 /* RecipeReviewTableViewCell.swift in Sources */,
				5EDB45A12313B4D100FA7BBB /* CategoriesModel.swift in Sources */,
				5E96AE882315308700FE632D /* CheckListViewController.swift in Sources */,
				5E2BFFAB2317955A009FF188 /* NewestRecipiesCollectionViewCell.swift in Sources */,
				5EC4E92A231E318E0024CCDD /* IngredientsListTableViewCell.swift in Sources */,
				5E207B7323100DE3001D5FDF /* AppDelegate.swift in Sources */,
				5E96AE9123154F3800FE632D /* CoreDataFetch.swift in Sources */,
				5E8B52B1231400FB00E87646 /* CookingDeepnessReusableCellCollectionViewCell.swift in Sources */,
				5E96AE8D23154C5500FE632D /* ToDoCheckList+CoreDataClass.swift in Sources */,
				5E16E025231EA8100000D3D8 /* VideoPlayerViewController.swift in Sources */,
				5E856F6F231FE06B00A2DFC0 /* NotificationSetterViewController.swift in Sources */,
				5E96AE84231505C600FE632D /* PreparationStepsReusableCellTableViewCell.swift in Sources */,
				5E8B52AA2313EE8E00E87646 /* TabBar.swift in Sources */,
				5E207B9023101515001D5FDF /* Constants.swift in Sources */,
				5E96AE8E23154C5500FE632D /* ToDoCheckList+CoreDataProperties.swift in Sources */,
				5E111052231E90D700524580 /* VideosTableViewCell.swift in Sources */,
				5E207B93231016D6001D5FDF /* Strings.swift in Sources */,
				5EDB459D2313A97100FA7BBB /* TimerTabCategoryTableViewCell.swift in Sources */,
				5E8B52B323140ED900E87646 /* DescriptionDataModel.swift in Sources */,
				5E63140A231919490045732E /* HeadingImageTableViewCell.swift in Sources */,
				5EF6BBE323167B7500DACF3D /* CheckListReusableCellTableViewHeader.swift in Sources */,
				5E8B52AF231400D700E87646 /* ThinknessReusableCellCollectionViewCell.swift in Sources */,
				5E96AE8A231549CF00FE632D /* CheckListReusableCellTableViewCell.swift in Sources */,
				5E11104A231E8B1300524580 /* NewestVideosPageViewController.swift in Sources */,
				5EC4E92D231E34530024CCDD /* IngredientInnerTableViewCell.swift in Sources */,
				5E8B52AD2313FDA800E87646 /* RecipeDescriptionViewController.swift in Sources */,
				5E11104D231E8D6700524580 /* NewestVideosDecodableDataModel.swift in Sources */,
				5E2BFFAD2317ACEA009FF188 /* RecipeCollectionViewCell.swift in Sources */,
				5E631408231917600045732E /* NewestRecipeDescriptionViewController.swift in Sources */,
				5E2BFFA723179440009FF188 /* NewestRecipiesPageViewController.swift in Sources */,
			);
			runOnlyForDeploymentPostprocessing = 0;
		};
/* End PBXSourcesBuildPhase section */

/* Begin PBXVariantGroup section */
		5E207B7623100DE3001D5FDF /* Main.storyboard */ = {
			isa = PBXVariantGroup;
			children = (
				5E207B7723100DE3001D5FDF /* Base */,
			);
			name = Main.storyboard;
			sourceTree = "<group>";
		};
		5E207B7E23100DE4001D5FDF /* LaunchScreen.storyboard */ = {
			isa = PBXVariantGroup;
			children = (
				5E207B7F23100DE4001D5FDF /* Base */,
			);
			name = LaunchScreen.storyboard;
			sourceTree = "<group>";
		};
/* End PBXVariantGroup section */

/* Begin XCBuildConfiguration section */
		5E207B8223100DE4001D5FDF /* Debug */ = {
			isa = XCBuildConfiguration;
			buildSettings = {
				ALWAYS_SEARCH_USER_PATHS = NO;
				CLANG_ANALYZER_NONNULL = YES;
				CLANG_ANALYZER_NUMBER_OBJECT_CONVERSION = YES_AGGRESSIVE;
				CLANG_CXX_LANGUAGE_STANDARD = "gnu++14";
				CLANG_CXX_LIBRARY = "libc++";
				CLANG_ENABLE_MODULES = YES;
				CLANG_ENABLE_OBJC_ARC = YES;
				CLANG_ENABLE_OBJC_WEAK = YES;
				CLANG_WARN_BLOCK_CAPTURE_AUTORELEASING = YES;
				CLANG_WARN_BOOL_CONVERSION = YES;
				CLANG_WARN_COMMA = YES;
				CLANG_WARN_CONSTANT_CONVERSION = YES;
				CLANG_WARN_DEPRECATED_OBJC_IMPLEMENTATIONS = YES;
				CLANG_WARN_DIRECT_OBJC_ISA_USAGE = YES_ERROR;
				CLANG_WARN_DOCUMENTATION_COMMENTS = YES;
				CLANG_WARN_EMPTY_BODY = YES;
				CLANG_WARN_ENUM_CONVERSION = YES;
				CLANG_WARN_INFINITE_RECURSION = YES;
				CLANG_WARN_INT_CONVERSION = YES;
				CLANG_WARN_NON_LITERAL_NULL_CONVERSION = YES;
				CLANG_WARN_OBJC_IMPLICIT_RETAIN_SELF = YES;
				CLANG_WARN_OBJC_LITERAL_CONVERSION = YES;
				CLANG_WARN_OBJC_ROOT_CLASS = YES_ERROR;
				CLANG_WARN_RANGE_LOOP_ANALYSIS = YES;
				CLANG_WARN_STRICT_PROTOTYPES = YES;
				CLANG_WARN_SUSPICIOUS_MOVE = YES;
				CLANG_WARN_UNGUARDED_AVAILABILITY = YES_AGGRESSIVE;
				CLANG_WARN_UNREACHABLE_CODE = YES;
				CLANG_WARN__DUPLICATE_METHOD_MATCH = YES;
				CODE_SIGN_IDENTITY = "iPhone Developer";
				COPY_PHASE_STRIP = NO;
				DEBUG_INFORMATION_FORMAT = dwarf;
				ENABLE_STRICT_OBJC_MSGSEND = YES;
				ENABLE_TESTABILITY = YES;
				GCC_C_LANGUAGE_STANDARD = gnu11;
				GCC_DYNAMIC_NO_PIC = NO;
				GCC_NO_COMMON_BLOCKS = YES;
				GCC_OPTIMIZATION_LEVEL = 0;
				GCC_PREPROCESSOR_DEFINITIONS = (
					"DEBUG=1",
					"$(inherited)",
				);
				GCC_WARN_64_TO_32_BIT_CONVERSION = YES;
				GCC_WARN_ABOUT_RETURN_TYPE = YES_ERROR;
				GCC_WARN_UNDECLARED_SELECTOR = YES;
				GCC_WARN_UNINITIALIZED_AUTOS = YES_AGGRESSIVE;
				GCC_WARN_UNUSED_FUNCTION = YES;
				GCC_WARN_UNUSED_VARIABLE = YES;
				IPHONEOS_DEPLOYMENT_TARGET = 12.4;
				MTL_ENABLE_DEBUG_INFO = INCLUDE_SOURCE;
				MTL_FAST_MATH = YES;
				ONLY_ACTIVE_ARCH = YES;
				SDKROOT = iphoneos;
				SWIFT_ACTIVE_COMPILATION_CONDITIONS = DEBUG;
				SWIFT_OPTIMIZATION_LEVEL = "-Onone";
			};
			name = Debug;
		};
		5E207B8323100DE4001D5FDF /* Release */ = {
			isa = XCBuildConfiguration;
			buildSettings = {
				ALWAYS_SEARCH_USER_PATHS = NO;
				CLANG_ANALYZER_NONNULL = YES;
				CLANG_ANALYZER_NUMBER_OBJECT_CONVERSION = YES_AGGRESSIVE;
				CLANG_CXX_LANGUAGE_STANDARD = "gnu++14";
				CLANG_CXX_LIBRARY = "libc++";
				CLANG_ENABLE_MODULES = YES;
				CLANG_ENABLE_OBJC_ARC = YES;
				CLANG_ENABLE_OBJC_WEAK = YES;
				CLANG_WARN_BLOCK_CAPTURE_AUTORELEASING = YES;
				CLANG_WARN_BOOL_CONVERSION = YES;
				CLANG_WARN_COMMA = YES;
				CLANG_WARN_CONSTANT_CONVERSION = YES;
				CLANG_WARN_DEPRECATED_OBJC_IMPLEMENTATIONS = YES;
				CLANG_WARN_DIRECT_OBJC_ISA_USAGE = YES_ERROR;
				CLANG_WARN_DOCUMENTATION_COMMENTS = YES;
				CLANG_WARN_EMPTY_BODY = YES;
				CLANG_WARN_ENUM_CONVERSION = YES;
				CLANG_WARN_INFINITE_RECURSION = YES;
				CLANG_WARN_INT_CONVERSION = YES;
				CLANG_WARN_NON_LITERAL_NULL_CONVERSION = YES;
				CLANG_WARN_OBJC_IMPLICIT_RETAIN_SELF = YES;
				CLANG_WARN_OBJC_LITERAL_CONVERSION = YES;
				CLANG_WARN_OBJC_ROOT_CLASS = YES_ERROR;
				CLANG_WARN_RANGE_LOOP_ANALYSIS = YES;
				CLANG_WARN_STRICT_PROTOTYPES = YES;
				CLANG_WARN_SUSPICIOUS_MOVE = YES;
				CLANG_WARN_UNGUARDED_AVAILABILITY = YES_AGGRESSIVE;
				CLANG_WARN_UNREACHABLE_CODE = YES;
				CLANG_WARN__DUPLICATE_METHOD_MATCH = YES;
				CODE_SIGN_IDENTITY = "iPhone Developer";
				COPY_PHASE_STRIP = NO;
				DEBUG_INFORMATION_FORMAT = "dwarf-with-dsym";
				ENABLE_NS_ASSERTIONS = NO;
				ENABLE_STRICT_OBJC_MSGSEND = YES;
				GCC_C_LANGUAGE_STANDARD = gnu11;
				GCC_NO_COMMON_BLOCKS = YES;
				GCC_WARN_64_TO_32_BIT_CONVERSION = YES;
				GCC_WARN_ABOUT_RETURN_TYPE = YES_ERROR;
				GCC_WARN_UNDECLARED_SELECTOR = YES;
				GCC_WARN_UNINITIALIZED_AUTOS = YES_AGGRESSIVE;
				GCC_WARN_UNUSED_FUNCTION = YES;
				GCC_WARN_UNUSED_VARIABLE = YES;
				IPHONEOS_DEPLOYMENT_TARGET = 12.4;
				MTL_ENABLE_DEBUG_INFO = NO;
				MTL_FAST_MATH = YES;
				SDKROOT = iphoneos;
				SWIFT_COMPILATION_MODE = wholemodule;
				SWIFT_OPTIMIZATION_LEVEL = "-O";
				VALIDATE_PRODUCT = YES;
			};
			name = Release;
		};
		5E207B8523100DE4001D5FDF /* Debug */ = {
			isa = XCBuildConfiguration;
			buildSettings = {
				ASSETCATALOG_COMPILER_APPICON_NAME = AppIcon;
				CODE_SIGN_IDENTITY = "iPhone Developer";
				CODE_SIGN_STYLE = Automatic;
				DEVELOPMENT_TEAM = D2P9XDG372;
				INFOPLIST_FILE = EpicuriousClone/Info.plist;
				IPHONEOS_DEPLOYMENT_TARGET = 11.3;
				LD_RUNPATH_SEARCH_PATHS = (
					"$(inherited)",
					"@executable_path/Frameworks",
				);
				PRODUCT_BUNDLE_IDENTIFIER = com.lourdes.EpicuriousClone;
				PRODUCT_NAME = "$(TARGET_NAME)";
				PROVISIONING_PROFILE_SPECIFIER = "";
				SWIFT_VERSION = 5.0;
				TARGETED_DEVICE_FAMILY = "1,2";
			};
			name = Debug;
		};
		5E207B8623100DE4001D5FDF /* Release */ = {
			isa = XCBuildConfiguration;
			buildSettings = {
				ASSETCATALOG_COMPILER_APPICON_NAME = AppIcon;
				CODE_SIGN_IDENTITY = "iPhone Developer";
				CODE_SIGN_STYLE = Automatic;
				DEVELOPMENT_TEAM = D2P9XDG372;
				INFOPLIST_FILE = EpicuriousClone/Info.plist;
				IPHONEOS_DEPLOYMENT_TARGET = 11.3;
				LD_RUNPATH_SEARCH_PATHS = (
					"$(inherited)",
					"@executable_path/Frameworks",
				);
				PRODUCT_BUNDLE_IDENTIFIER = com.lourdes.EpicuriousClone;
				PRODUCT_NAME = "$(TARGET_NAME)";
				PROVISIONING_PROFILE_SPECIFIER = "";
				SWIFT_VERSION = 5.0;
				TARGETED_DEVICE_FAMILY = "1,2";
			};
			name = Release;
		};
/* End XCBuildConfiguration section */

/* Begin XCConfigurationList section */
		5E207B6A23100DE3001D5FDF /* Build configuration list for PBXProject "EpicuriousClone" */ = {
			isa = XCConfigurationList;
			buildConfigurations = (
				5E207B8223100DE4001D5FDF /* Debug */,
				5E207B8323100DE4001D5FDF /* Release */,
			);
			defaultConfigurationIsVisible = 0;
			defaultConfigurationName = Release;
		};
		5E207B8423100DE4001D5FDF /* Build configuration list for PBXNativeTarget "EpicuriousClone" */ = {
			isa = XCConfigurationList;
			buildConfigurations = (
				5E207B8523100DE4001D5FDF /* Debug */,
				5E207B8623100DE4001D5FDF /* Release */,
			);
			defaultConfigurationIsVisible = 0;
			defaultConfigurationName = Release;
		};
/* End XCConfigurationList section */

/* Begin XCVersionGroup section */
		5E207B7923100DE3001D5FDF /* EpicuriousClone.xcdatamodeld */ = {
			isa = XCVersionGroup;
			children = (
				5E207B7A23100DE3001D5FDF /* EpicuriousClone.xcdatamodel */,
			);
			currentVersion = 5E207B7A23100DE3001D5FDF /* EpicuriousClone.xcdatamodel */;
			path = EpicuriousClone.xcdatamodeld;
			sourceTree = "<group>";
			versionGroupType = wrapper.xcdatamodel;
		};
/* End XCVersionGroup section */
	};
	rootObject = 5E207B6723100DE3001D5FDF /* Project object */;
}
